
Microsoft Visual Studio Solution File, Format Version 12.00
# Visual Studio 15
VisualStudioVersion = 15.0.28010.2046
MinimumVisualStudioVersion = 10.0.40219.1
Project("{FAE04EC0-301F-11D3-BF4B-00C04F79EFBC}") = "SinemaBiletSatis", "SinemaBiletSatis\SinemaBiletSatis.csproj", "{293AC4DE-6B6B-456A-A549-C3BA6D4AFD8E}"
EndProject
Global
	GlobalSection(SolutionConfigurationPlatforms) = preSolution
		Debug|Any CPU = Debug|Any CPU
		Release|Any CPU = Release|Any CPU
	EndGlobalSection
	GlobalSection(ProjectConfigurationPlatforms) = postSolution
		{293AC4DE-6B6B-456A-A549-C3BA6D4AFD8E}.Debug|Any CPU.ActiveCfg = Debug|Any CPU
		{293AC4DE-6B6B-456A-A549-C3BA6D4AFD8E}.Debug|Any CPU.Build.0 = Debug|Any CPU
		{293AC4DE-6B6B-456A-A549-C3BA6D4AFD8E}.Release|Any CPU.ActiveCfg = Release|Any CPU
		{293AC4DE-6B6B-456A-A549-C3BA6D4AFD8E}.Release|Any CPU.Build.0 = Release|Any CPU
	EndGlobalSection
	GlobalSection(SolutionProperties) = preSolution
		HideSolutionNode = FALSE
	EndGlobalSection
	GlobalSection(ExtensibilityGlobals) = postSolution
		SolutionGuid = {3BD33371-2654-4851-8B69-BA6012318844}
	EndGlobalSection
EndGlobal
